
Microsoft Visual Studio Solution File, Format Version 12.00
# Visual Studio Version 17
VisualStudioVersion = 17.8.34511.84
MinimumVisualStudioVersion = 10.0.40219.1
Project("{9A19103F-16F7-4668-BE54-9A1E7A4F7556}") = "TaskManagement.Core", "TaskManagement.Core\TaskManagement.Core.csproj", "{DD811106-2519-41B9-8479-F91CB089B9FA}"
EndProject
Project("{9A19103F-16F7-4668-BE54-9A1E7A4F7556}") = "TaskManagement.Infrastructure", "TaskManagement.Infrastructure\TaskManagement.Infrastructure.csproj", "{B838EDB7-8FA8-4071-B520-193CDCFE7881}"
EndProject
Project("{9A19103F-16F7-4668-BE54-9A1E7A4F7556}") = "TaskManagement.API", "TaskManagement.API\TaskManagement.API.csproj", "{66E4CE7E-EBBA-4A38-B478-0B884F4CC077}"
EndProject
Global
	GlobalSection(SolutionConfigurationPlatforms) = preSolution
		Debug|Any CPU = Debug|Any CPU
		Release|Any CPU = Release|Any CPU
	EndGlobalSection
	GlobalSection(ProjectConfigurationPlatforms) = postSolution
		{DD811106-2519-41B9-8479-F91CB089B9FA}.Debug|Any CPU.ActiveCfg = Debug|Any CPU
		{DD811106-2519-41B9-8479-F91CB089B9FA}.Debug|Any CPU.Build.0 = Debug|Any CPU
		{DD811106-2519-41B9-8479-F91CB089B9FA}.Release|Any CPU.ActiveCfg = Release|Any CPU
		{DD811106-2519-41B9-8479-F91CB089B9FA}.Release|Any CPU.Build.0 = Release|Any CPU
		{B838EDB7-8FA8-4071-B520-193CDCFE7881}.Debug|Any CPU.ActiveCfg = Debug|Any CPU
		{B838EDB7-8FA8-4071-B520-193CDCFE7881}.Debug|Any CPU.Build.0 = Debug|Any CPU
		{B838EDB7-8FA8-4071-B520-193CDCFE7881}.Release|Any CPU.ActiveCfg = Release|Any CPU
		{B838EDB7-8FA8-4071-B520-193CDCFE7881}.Release|Any CPU.Build.0 = Release|Any CPU
		{66E4CE7E-EBBA-4A38-B478-0B884F4CC077}.Debug|Any CPU.ActiveCfg = Debug|Any CPU
		{66E4CE7E-EBBA-4A38-B478-0B884F4CC077}.Debug|Any CPU.Build.0 = Debug|Any CPU
		{66E4CE7E-EBBA-4A38-B478-0B884F4CC077}.Release|Any CPU.ActiveCfg = Release|Any CPU
		{66E4CE7E-EBBA-4A38-B478-0B884F4CC077}.Release|Any CPU.Build.0 = Release|Any CPU
	EndGlobalSection
	GlobalSection(SolutionProperties) = preSolution
		HideSolutionNode = FALSE
	EndGlobalSection
	GlobalSection(ExtensibilityGlobals) = postSolution
		SolutionGuid = {3228BF4D-DBE0-4634-BFC2-2B8FFED06C7D}
	EndGlobalSection
EndGlobal
